
Microsoft Visual Studio Solution File, Format Version 12.00
# Visual Studio 15
VisualStudioVersion = 15.0.28307.271
MinimumVisualStudioVersion = 10.0.40219.1
Project("{F184B08F-C81C-45F6-A57F-5ABD9991F28F}") = "Hello_world", "Hello_world\Hello_world.vbproj", "{F1EA9833-EAF0-465C-9BD8-D8B46F39281E}"
EndProject
Global
	GlobalSection(SolutionConfigurationPlatforms) = preSolution
		Debug|Any CPU = Debug|Any CPU
		Release|Any CPU = Release|Any CPU
	EndGlobalSection
	GlobalSection(ProjectConfigurationPlatforms) = postSolution
		{F1EA9833-EAF0-465C-9BD8-D8B46F39281E}.Debug|Any CPU.ActiveCfg = Debug|Any CPU
		{F1EA9833-EAF0-465C-9BD8-D8B46F39281E}.Debug|Any CPU.Build.0 = Debug|Any CPU
		{F1EA9833-EAF0-465C-9BD8-D8B46F39281E}.Release|Any CPU.ActiveCfg = Release|Any CPU
		{F1EA9833-EAF0-465C-9BD8-D8B46F39281E}.Release|Any CPU.Build.0 = Release|Any CPU
	EndGlobalSection
	GlobalSection(SolutionProperties) = preSolution
		HideSolutionNode = FALSE
	EndGlobalSection
	GlobalSection(ExtensibilityGlobals) = postSolution
		SolutionGuid = {D77EA0DC-5261-4B27-AA60-527BA04A5ADD}
	EndGlobalSection
EndGlobal
